
Microsoft Visual Studio Solution File, Format Version 12.00
# Visual Studio Version 17
VisualStudioVersion = 17.6.33723.286
MinimumVisualStudioVersion = 10.0.40219.1
Project("{9A19103F-16F7-4668-BE54-9A1E7A4F7556}") = "Calculator API", "Calculator API.csproj", "{44F6A5C8-1A70-460A-88BF-24D2C6B66C0D}"
EndProject
Global
	GlobalSection(SolutionConfigurationPlatforms) = preSolution
		Debug|Any CPU = Debug|Any CPU
		Release|Any CPU = Release|Any CPU
	EndGlobalSection
	GlobalSection(ProjectConfigurationPlatforms) = postSolution
		{44F6A5C8-1A70-460A-88BF-24D2C6B66C0D}.Debug|Any CPU.ActiveCfg = Debug|Any CPU
		{44F6A5C8-1A70-460A-88BF-24D2C6B66C0D}.Debug|Any CPU.Build.0 = Debug|Any CPU
		{44F6A5C8-1A70-460A-88BF-24D2C6B66C0D}.Release|Any CPU.ActiveCfg = Release|Any CPU
		{44F6A5C8-1A70-460A-88BF-24D2C6B66C0D}.Release|Any CPU.Build.0 = Release|Any CPU
	EndGlobalSection
	GlobalSection(SolutionProperties) = preSolution
		HideSolutionNode = FALSE
	EndGlobalSection
	GlobalSection(ExtensibilityGlobals) = postSolution
		SolutionGuid = {30581E1C-332C-4540-8AE9-847CA5200BDF}
	EndGlobalSection
EndGlobal
